{
  "dependencies": {
    "time": {
      "version": "0.9.2",
      "from": "time@0.9.2",
      "resolved": "https://registry.npmjs.org/time/-/time-0.9.2.tgz",
      "dependencies": {
        "bindings": {
          "version": "1.1.0",
          "from": "bindings@*",
          "resolved": "https://registry.npmjs.org/bindings/-/bindings-1.1.0.tgz"
        },
        "debug": {
          "version": "0.7.2",
          "from": "debug@*",
          "resolved": "https://registry.npmjs.org/debug/-/debug-0.7.2.tgz"
        }
      }
    }
  }
}
